
Microsoft Visual Studio Solution File, Format Version 12.00
# Visual Studio Version 16
VisualStudioVersion = 16.0.30717.126
MinimumVisualStudioVersion = 10.0.40219.1
Project("{FAE04EC0-301F-11D3-BF4B-00C04F79EFBC}") = "Rehabilitation", "Rehabilitation\Rehabilitation.csproj", "{2D8C0D90-4211-4469-A5CF-EB9570CB128D}"
EndProject
Project("{FAE04EC0-301F-11D3-BF4B-00C04F79EFBC}") = "Rehabilitation2", "Rehabilitation2\Rehabilitation2.csproj", "{5FC85D08-1D26-4C51-9161-71DCEAB0ED59}"
EndProject
Global
	GlobalSection(SolutionConfigurationPlatforms) = preSolution
		Debug|Any CPU = Debug|Any CPU
		Release|Any CPU = Release|Any CPU
	EndGlobalSection
	GlobalSection(ProjectConfigurationPlatforms) = postSolution
		{2D8C0D90-4211-4469-A5CF-EB9570CB128D}.Debug|Any CPU.ActiveCfg = Debug|Any CPU
		{2D8C0D90-4211-4469-A5CF-EB9570CB128D}.Debug|Any CPU.Build.0 = Debug|Any CPU
		{2D8C0D90-4211-4469-A5CF-EB9570CB128D}.Release|Any CPU.ActiveCfg = Release|Any CPU
		{2D8C0D90-4211-4469-A5CF-EB9570CB128D}.Release|Any CPU.Build.0 = Release|Any CPU
		{5FC85D08-1D26-4C51-9161-71DCEAB0ED59}.Debug|Any CPU.ActiveCfg = Debug|Any CPU
		{5FC85D08-1D26-4C51-9161-71DCEAB0ED59}.Debug|Any CPU.Build.0 = Debug|Any CPU
		{5FC85D08-1D26-4C51-9161-71DCEAB0ED59}.Release|Any CPU.ActiveCfg = Release|Any CPU
		{5FC85D08-1D26-4C51-9161-71DCEAB0ED59}.Release|Any CPU.Build.0 = Release|Any CPU
	EndGlobalSection
	GlobalSection(SolutionProperties) = preSolution
		HideSolutionNode = FALSE
	EndGlobalSection
	GlobalSection(ExtensibilityGlobals) = postSolution
		SolutionGuid = {1B737786-3CEC-408C-98BD-5BD9E4F63A12}
	EndGlobalSection
EndGlobal
